{
  "name": "15] Publishing NPM Package",
  "lockfileVersion": 3,
  "requires": true,
  "packages": {
    "": {
      "dependencies": {
        "sharvil-words-counter": "^1.0.3"
      }
    },
    "node_modules/sharvil-words-counter": {
      "version": "1.0.3",
      "resolved": "https://registry.npmjs.org/sharvil-words-counter/-/sharvil-words-counter-1.0.3.tgz",
      "integrity": "sha512-pX16BKn1j2LCW7cnz7Qy2lMSkvpIIfcwD1Za+WCToj/Gj3ysBsJtjVsEmMiPvysc1x4QVt5h8XUEyWR7MxbgRQ==",
      "bin": {
        "sharvil-words-counter": "app.js"
      }
    }
  }
}
